// !$*UTF8*$!
{
	archiveVersion = 1;
	classes = {
	};
	objectVersion = 56;
	objects = {

/* Begin PBXBuildFile section */
		5E82163C2AA99C230024DBEC /* EasyScreenshotApp.swift in Sources */ = {isa = PBXBuildFile; fileRef = 5E82163B2AA99C230024DBEC /* EasyScreenshotApp.swift */; };
		5E82163E2AA99C230024DBEC /* ContentView.swift in Sources */ = {isa = PBXBuildFile; fileRef = 5E82163D2AA99C230024DBEC /* ContentView.swift */; };
		5E8216402AA99C250024DBEC /* Assets.xcassets in Resources */ = {isa = PBXBuildFile; fileRef = 5E82163F2AA99C250024DBEC /* Assets.xcassets */; };
		5E8216432AA99C250024DBEC /* Preview Assets.xcassets in Resources */ = {isa = PBXBuildFile; fileRef = 5E8216422AA99C250024DBEC /* Preview Assets.xcassets */; };
		5E82164B2AA99D350024DBEC /* AppDelegate.swift in Sources */ = {isa = PBXBuildFile; fileRef = 5E82164A2AA99D350024DBEC /* AppDelegate.swift */; };
		5E82164D2AA9A6F30024DBEC /* Info.plist in Resources */ = {isa = PBXBuildFile; fileRef = 5E82164C2AA9A6F30024DBEC /* Info.plist */; };
		5E82164F2AA9AAFE0024DBEC /* ScreenCaptureUtil.swift in Sources */ = {isa = PBXBuildFile; fileRef = 5E82164E2AA9AAFE0024DBEC /* ScreenCaptureUtil.swift */; };
/* End PBXBuildFile section */

/* Begin PBXFileReference section */
		5E8216382AA99C230024DBEC /* EasyScreenshot.app */ = {isa = PBXFileReference; explicitFileType = wrapper.application; includeInIndex = 0; path = EasyScreenshot.app; sourceTree = BUILT_PRODUCTS_DIR; };
		5E82163B2AA99C230024DBEC /* EasyScreenshotApp.swift */ = {isa = PBXFileReference; lastKnownFileType = sourcecode.swift; path = EasyScreenshotApp.swift; sourceTree = "<group>"; };
		5E82163D2AA99C230024DBEC /* ContentView.swift */ = {isa = PBXFileReference; lastKnownFileType = sourcecode.swift; path = ContentView.swift; sourceTree = "<group>"; };
		5E82163F2AA99C250024DBEC /* Assets.xcassets */ = {isa = PBXFileReference; lastKnownFileType = folder.assetcatalog; path = Assets.xcassets; sourceTree = "<group>"; };
		5E8216422AA99C250024DBEC /* Preview Assets.xcassets */ = {isa = PBXFileReference; lastKnownFileType = folder.assetcatalog; path = "Preview Assets.xcassets"; sourceTree = "<group>"; };
		5E8216442AA99C250024DBEC /* EasyScreenshot.entitlements */ = {isa = PBXFileReference; lastKnownFileType = text.plist.entitlements; path = EasyScreenshot.entitlements; sourceTree = "<group>"; };
		5E82164A2AA99D350024DBEC /* AppDelegate.swift */ = {isa = PBXFileReference; lastKnownFileType = sourcecode.swift; path = AppDelegate.swift; sourceTree = "<group>"; };
		5E82164C2AA9A6F30024DBEC /* Info.plist */ = {isa = PBXFileReference; lastKnownFileType = text.plist.xml; path = Info.plist; sourceTree = "<group>"; };
		5E82164E2AA9AAFE0024DBEC /* ScreenCaptureUtil.swift */ = {isa = PBXFileReference; lastKnownFileType = sourcecode.swift; path = ScreenCaptureUtil.swift; sourceTree = "<group>"; };
/* End PBXFileReference section */

/* Begin PBXFrameworksBuildPhase section */
		5E8216352AA99C230024DBEC /* Frameworks */ = {
			isa = PBXFrameworksBuildPhase;
			buildActionMask = 2147483647;
			files = (
			);
			runOnlyForDeploymentPostprocessing = 0;
		};
/* End PBXFrameworksBuildPhase section */

/* Begin PBXGroup section */
		5E82162F2AA99C230024DBEC = {
			isa = PBXGroup;
			children = (
				5E82164C2AA9A6F30024DBEC /* Info.plist */,
				5E82163A2AA99C230024DBEC /* EasyScreenshot */,
				5E8216392AA99C230024DBEC /* Products */,
			);
			sourceTree = "<group>";
		};
		5E8216392AA99C230024DBEC /* Products */ = {
			isa = PBXGroup;
			children = (
				5E8216382AA99C230024DBEC /* EasyScreenshot.app */,
			);
			name = Products;
			sourceTree = "<group>";
		};
		5E82163A2AA99C230024DBEC /* EasyScreenshot */ = {
			isa = PBXGroup;
			children = (
				5E82163B2AA99C230024DBEC /* EasyScreenshotApp.swift */,
				5E82163D2AA99C230024DBEC /* ContentView.swift */,
				5E82163F2AA99C250024DBEC /* Assets.xcassets */,
				5E8216442AA99C250024DBEC /* EasyScreenshot.entitlements */,
				5E8216412AA99C250024DBEC /* Preview Content */,
				5E82164A2AA99D350024DBEC /* AppDelegate.swift */,
				5E82164E2AA9AAFE0024DBEC /* ScreenCaptureUtil.swift */,
			);
			path = EasyScreenshot;
			sourceTree = "<group>";
		};
		5E8216412AA99C250024DBEC /* Preview Content */ = {
			isa = PBXGroup;
			children = (
				5E8216422AA99C250024DBEC /* Preview Assets.xcassets */,
			);
			path = "Preview Content";
			sourceTree = "<group>";
		};
/* End PBXGroup section */

/* Begin PBXNativeTarget section */
		5E8216372AA99C230024DBEC /* EasyScreenshot */ = {
			isa = PBXNativeTarget;
			buildConfigurationList = 5E8216472AA99C250024DBEC /* Build configuration list for PBXNativeTarget "EasyScreenshot" */;
			buildPhases = (
				5E8216342AA99C230024DBEC /* Sources */,
				5E8216352AA99C230024DBEC /* Frameworks */,
				5E8216362AA99C230024DBEC /* Resources */,
			);
			buildRules = (
			);
			dependencies = (
			);
			name = EasyScreenshot;
			productName = EasyScreenshot;
			productReference = 5E8216382AA99C230024DBEC /* EasyScreenshot.app */;
			productType = "com.apple.product-type.application";
		};
/* End PBXNativeTarget section */

/* Begin PBXProject section */
		5E8216302AA99C230024DBEC /* Project object */ = {
			isa = PBXProject;
			attributes = {
				BuildIndependentTargetsInParallel = 1;
				LastSwiftUpdateCheck = 1430;
				LastUpgradeCheck = 1430;
				TargetAttributes = {
					5E8216372AA99C230024DBEC = {
						CreatedOnToolsVersion = 14.3.1;
					};
				};
			};
			buildConfigurationList = 5E8216332AA99C230024DBEC /* Build configuration list for PBXProject "EasyScreenshot" */;
			compatibilityVersion = "Xcode 14.0";
			developmentRegion = en;
			hasScannedForEncodings = 0;
			knownRegions = (
				en,
				Base,
			);
			mainGroup = 5E82162F2AA99C230024DBEC;
			productRefGroup = 5E8216392AA99C230024DBEC /* Products */;
			projectDirPath = "";
			projectRoot = "";
			targets = (
				5E8216372AA99C230024DBEC /* EasyScreenshot */,
			);
		};
/* End PBXProject section */

/* Begin PBXResourcesBuildPhase section */
		5E8216362AA99C230024DBEC /* Resources */ = {
			isa = PBXResourcesBuildPhase;
			buildActionMask = 2147483647;
			files = (
				5E8216432AA99C250024DBEC /* Preview Assets.xcassets in Resources */,
				5E8216402AA99C250024DBEC /* Assets.xcassets in Resources */,
				5E82164D2AA9A6F30024DBEC /* Info.plist in Resources */,
			);
			runOnlyForDeploymentPostprocessing = 0;
		};
/* End PBXResourcesBuildPhase section */

/* Begin PBXSourcesBuildPhase section */
		5E8216342AA99C230024DBEC /* Sources */ = {
			isa = PBXSourcesBuildPhase;
			buildActionMask = 2147483647;
			files = (
				5E82164F2AA9AAFE0024DBEC /* ScreenCaptureUtil.swift in Sources */,
				5E82164B2AA99D350024DBEC /* AppDelegate.swift in Sources */,
				5E82163E2AA99C230024DBEC /* ContentView.swift in Sources */,
				5E82163C2AA99C230024DBEC /* EasyScreenshotApp.swift in Sources */,
			);
			runOnlyForDeploymentPostprocessing = 0;
		};
/* End PBXSourcesBuildPhase section */

/* Begin XCBuildConfiguration section */
		5E8216452AA99C250024DBEC /* Debug */ = {
			isa = XCBuildConfiguration;
			buildSettings = {
				ALWAYS_SEARCH_USER_PATHS = NO;
				CLANG_ANALYZER_NONNULL = YES;
				CLANG_ANALYZER_NUMBER_OBJECT_CONVERSION = YES_AGGRESSIVE;
				CLANG_CXX_LANGUAGE_STANDARD = "gnu++20";
				CLANG_ENABLE_MODULES = YES;
				CLANG_ENABLE_OBJC_ARC = YES;
				CLANG_ENABLE_OBJC_WEAK = YES;
				CLANG_WARN_BLOCK_CAPTURE_AUTORELEASING = YES;
				CLANG_WARN_BOOL_CONVERSION = YES;
				CLANG_WARN_COMMA = YES;
				CLANG_WARN_CONSTANT_CONVERSION = YES;
				CLANG_WARN_DEPRECATED_OBJC_IMPLEMENTATIONS = YES;
				CLANG_WARN_DIRECT_OBJC_ISA_USAGE = YES_ERROR;
				CLANG_WARN_DOCUMENTATION_COMMENTS = YES;
				CLANG_WARN_EMPTY_BODY = YES;
				CLANG_WARN_ENUM_CONVERSION = YES;
				CLANG_WARN_INFINITE_RECURSION = YES;
				CLANG_WARN_INT_CONVERSION = YES;
				CLANG_WARN_NON_LITERAL_NULL_CONVERSION = YES;
				CLANG_WARN_OBJC_IMPLICIT_RETAIN_SELF = YES;
				CLANG_WARN_OBJC_LITERAL_CONVERSION = YES;
				CLANG_WARN_OBJC_ROOT_CLASS = YES_ERROR;
				CLANG_WARN_QUOTED_INCLUDE_IN_FRAMEWORK_HEADER = YES;
				CLANG_WARN_RANGE_LOOP_ANALYSIS = YES;
				CLANG_WARN_STRICT_PROTOTYPES = YES;
				CLANG_WARN_SUSPICIOUS_MOVE = YES;
				CLANG_WARN_UNGUARDED_AVAILABILITY = YES_AGGRESSIVE;
				CLANG_WARN_UNREACHABLE_CODE = YES;
				CLANG_WARN__DUPLICATE_METHOD_MATCH = YES;
				COPY_PHASE_STRIP = NO;
				DEBUG_INFORMATION_FORMAT = dwarf;
				ENABLE_STRICT_OBJC_MSGSEND = YES;
				ENABLE_TESTABILITY = YES;
				GCC_C_LANGUAGE_STANDARD = gnu11;
				GCC_DYNAMIC_NO_PIC = NO;
				GCC_NO_COMMON_BLOCKS = YES;
				GCC_OPTIMIZATION_LEVEL = 0;
				GCC_PREPROCESSOR_DEFINITIONS = (
					"DEBUG=1",
					"$(inherited)",
				);
				GCC_WARN_64_TO_32_BIT_CONVERSION = YES;
				GCC_WARN_ABOUT_RETURN_TYPE = YES_ERROR;
				GCC_WARN_UNDECLARED_SELECTOR = YES;
				GCC_WARN_UNINITIALIZED_AUTOS = YES_AGGRESSIVE;
				GCC_WARN_UNUSED_FUNCTION = YES;
				GCC_WARN_UNUSED_VARIABLE = YES;
				MACOSX_DEPLOYMENT_TARGET = 13.3;
				MTL_ENABLE_DEBUG_INFO = INCLUDE_SOURCE;
				MTL_FAST_MATH = YES;
				ONLY_ACTIVE_ARCH = YES;
				SDKROOT = macosx;
				SWIFT_ACTIVE_COMPILATION_CONDITIONS = DEBUG;
				SWIFT_OPTIMIZATION_LEVEL = "-Onone";
			};
			name = Debug;
		};
		5E8216462AA99C250024DBEC /* Release */ = {
			isa = XCBuildConfiguration;
			buildSettings = {
				ALWAYS_SEARCH_USER_PATHS = NO;
				CLANG_ANALYZER_NONNULL = YES;
				CLANG_ANALYZER_NUMBER_OBJECT_CONVERSION = YES_AGGRESSIVE;
				CLANG_CXX_LANGUAGE_STANDARD = "gnu++20";
				CLANG_ENABLE_MODULES = YES;
				CLANG_ENABLE_OBJC_ARC = YES;
				CLANG_ENABLE_OBJC_WEAK = YES;
				CLANG_WARN_BLOCK_CAPTURE_AUTORELEASING = YES;
				CLANG_WARN_BOOL_CONVERSION = YES;
				CLANG_WARN_COMMA = YES;
				CLANG_WARN_CONSTANT_CONVERSION = YES;
				CLANG_WARN_DEPRECATED_OBJC_IMPLEMENTATIONS = YES;
				CLANG_WARN_DIRECT_OBJC_ISA_USAGE = YES_ERROR;
				CLANG_WARN_DOCUMENTATION_COMMENTS = YES;
				CLANG_WARN_EMPTY_BODY = YES;
				CLANG_WARN_ENUM_CONVERSION = YES;
				CLANG_WARN_INFINITE_RECURSION = YES;
				CLANG_WARN_INT_CONVERSION = YES;
				CLANG_WARN_NON_LITERAL_NULL_CONVERSION = YES;
				CLANG_WARN_OBJC_IMPLICIT_RETAIN_SELF = YES;
				CLANG_WARN_OBJC_LITERAL_CONVERSION = YES;
				CLANG_WARN_OBJC_ROOT_CLASS = YES_ERROR;
				CLANG_WARN_QUOTED_INCLUDE_IN_FRAMEWORK_HEADER = YES;
				CLANG_WARN_RANGE_LOOP_ANALYSIS = YES;
				CLANG_WARN_STRICT_PROTOTYPES = YES;
				CLANG_WARN_SUSPICIOUS_MOVE = YES;
				CLANG_WARN_UNGUARDED_AVAILABILITY = YES_AGGRESSIVE;
				CLANG_WARN_UNREACHABLE_CODE = YES;
				CLANG_WARN__DUPLICATE_METHOD_MATCH = YES;
				COPY_PHASE_STRIP = NO;
				DEBUG_INFORMATION_FORMAT = "dwarf-with-dsym";
				ENABLE_NS_ASSERTIONS = NO;
				ENABLE_STRICT_OBJC_MSGSEND = YES;
				GCC_C_LANGUAGE_STANDARD = gnu11;
				GCC_NO_COMMON_BLOCKS = YES;
				GCC_WARN_64_TO_32_BIT_CONVERSION = YES;
				GCC_WARN_ABOUT_RETURN_TYPE = YES_ERROR;
				GCC_WARN_UNDECLARED_SELECTOR = YES;
				GCC_WARN_UNINITIALIZED_AUTOS = YES_AGGRESSIVE;
				GCC_WARN_UNUSED_FUNCTION = YES;
				GCC_WARN_UNUSED_VARIABLE = YES;
				MACOSX_DEPLOYMENT_TARGET = 13.3;
				MTL_ENABLE_DEBUG_INFO = NO;
				MTL_FAST_MATH = YES;
				SDKROOT = macosx;
				SWIFT_COMPILATION_MODE = wholemodule;
				SWIFT_OPTIMIZATION_LEVEL = "-O";
			};
			name = Release;
		};
		5E8216482AA99C250024DBEC /* Debug */ = {
			isa = XCBuildConfiguration;
			buildSettings = {
				ASSETCATALOG_COMPILER_APPICON_NAME = AppIcon;
				ASSETCATALOG_COMPILER_GLOBAL_ACCENT_COLOR_NAME = AccentColor;
				CODE_SIGN_ENTITLEMENTS = EasyScreenshot/EasyScreenshot.entitlements;
				CODE_SIGN_STYLE = Automatic;
				COMBINE_HIDPI_IMAGES = YES;
				CURRENT_PROJECT_VERSION = 1;
				DEVELOPMENT_ASSET_PATHS = "\"EasyScreenshot/Preview Content\"";
				DEVELOPMENT_TEAM = L8W86DZDY2;
				ENABLE_HARDENED_RUNTIME = YES;
				ENABLE_PREVIEWS = YES;
				GENERATE_INFOPLIST_FILE = YES;
				INFOPLIST_FILE = Info.plist;
				INFOPLIST_KEY_NSHumanReadableCopyright = "";
				LD_RUNPATH_SEARCH_PATHS = (
					"$(inherited)",
					"@executable_path/../Frameworks",
				);
				MARKETING_VERSION = 1.0;
				PRODUCT_BUNDLE_IDENTIFIER = com.ri.EasyScreenshot;
				PRODUCT_NAME = "$(TARGET_NAME)";
				SWIFT_EMIT_LOC_STRINGS = YES;
				SWIFT_VERSION = 5.0;
			};
			name = Debug;
		};
		5E8216492AA99C250024DBEC /* Release */ = {
			isa = XCBuildConfiguration;
			buildSettings = {
				ASSETCATALOG_COMPILER_APPICON_NAME = AppIcon;
				ASSETCATALOG_COMPILER_GLOBAL_ACCENT_COLOR_NAME = AccentColor;
				CODE_SIGN_ENTITLEMENTS = EasyScreenshot/EasyScreenshot.entitlements;
				CODE_SIGN_STYLE = Automatic;
				COMBINE_HIDPI_IMAGES = YES;
				CURRENT_PROJECT_VERSION = 1;
				DEVELOPMENT_ASSET_PATHS = "\"EasyScreenshot/Preview Content\"";
				DEVELOPMENT_TEAM = L8W86DZDY2;
				ENABLE_HARDENED_RUNTIME = YES;
				ENABLE_PREVIEWS = YES;
				GENERATE_INFOPLIST_FILE = YES;
				INFOPLIST_FILE = Info.plist;
				INFOPLIST_KEY_NSHumanReadableCopyright = "";
				LD_RUNPATH_SEARCH_PATHS = (
					"$(inherited)",
					"@executable_path/../Frameworks",
				);
				MARKETING_VERSION = 1.0;
				PRODUCT_BUNDLE_IDENTIFIER = com.ri.EasyScreenshot;
				PRODUCT_NAME = "$(TARGET_NAME)";
				SWIFT_EMIT_LOC_STRINGS = YES;
				SWIFT_VERSION = 5.0;
			};
			name = Release;
		};
/* End XCBuildConfiguration section */

/* Begin XCConfigurationList section */
		5E8216332AA99C230024DBEC /* Build configuration list for PBXProject "EasyScreenshot" */ = {
			isa = XCConfigurationList;
			buildConfigurations = (
				5E8216452AA99C250024DBEC /* Debug */,
				5E8216462AA99C250024DBEC /* Release */,
			);
			defaultConfigurationIsVisible = 0;
			defaultConfigurationName = Release;
		};
		5E8216472AA99C250024DBEC /* Build configuration list for PBXNativeTarget "EasyScreenshot" */ = {
			isa = XCConfigurationList;
			buildConfigurations = (
				5E8216482AA99C250024DBEC /* Debug */,
				5E8216492AA99C250024DBEC /* Release */,
			);
			defaultConfigurationIsVisible = 0;
			defaultConfigurationName = Release;
		};
/* End XCConfigurationList section */
	};
	rootObject = 5E8216302AA99C230024DBEC /* Project object */;
}
